
Microsoft Visual Studio Solution File, Format Version 12.00
# Visual Studio 15
VisualStudioVersion = 15.0.27130.2036
MinimumVisualStudioVersion = 10.0.40219.1
Project("{FAE04EC0-301F-11D3-BF4B-00C04F79EFBC}") = "嵌套DropDownList控件根据库存量设置商品停售", "嵌套DropDownList控件根据库存量设置商品停售\嵌套DropDownList控件根据库存量设置商品停售.csproj", "{E73A90E7-D308-4F72-B23E-98FF6930F1C5}"
EndProject
Global
	GlobalSection(SolutionConfigurationPlatforms) = preSolution
		Debug|Any CPU = Debug|Any CPU
		Release|Any CPU = Release|Any CPU
	EndGlobalSection
	GlobalSection(ProjectConfigurationPlatforms) = postSolution
		{E73A90E7-D308-4F72-B23E-98FF6930F1C5}.Debug|Any CPU.ActiveCfg = Debug|Any CPU
		{E73A90E7-D308-4F72-B23E-98FF6930F1C5}.Debug|Any CPU.Build.0 = Debug|Any CPU
		{E73A90E7-D308-4F72-B23E-98FF6930F1C5}.Release|Any CPU.ActiveCfg = Release|Any CPU
		{E73A90E7-D308-4F72-B23E-98FF6930F1C5}.Release|Any CPU.Build.0 = Release|Any CPU
	EndGlobalSection
	GlobalSection(SolutionProperties) = preSolution
		HideSolutionNode = FALSE
	EndGlobalSection
	GlobalSection(ExtensibilityGlobals) = postSolution
		SolutionGuid = {2E8F42EC-D56C-4313-AE6B-416D2DFF7A2D}
	EndGlobalSection
EndGlobal
