
Microsoft Visual Studio Solution File, Format Version 12.00
# Visual Studio 15
VisualStudioVersion = 15.0.27130.2036
MinimumVisualStudioVersion = 10.0.40219.1
Project("{FAE04EC0-301F-11D3-BF4B-00C04F79EFBC}") = "GridView绑定数据为空时的界面设计", "GridView绑定数据为空时的界面设计\GridView绑定数据为空时的界面设计.csproj", "{35AAE2ED-0A9F-46CC-A2DC-09B384FD6500}"
EndProject
Global
	GlobalSection(SolutionConfigurationPlatforms) = preSolution
		Debug|Any CPU = Debug|Any CPU
		Release|Any CPU = Release|Any CPU
	EndGlobalSection
	GlobalSection(ProjectConfigurationPlatforms) = postSolution
		{35AAE2ED-0A9F-46CC-A2DC-09B384FD6500}.Debug|Any CPU.ActiveCfg = Debug|Any CPU
		{35AAE2ED-0A9F-46CC-A2DC-09B384FD6500}.Debug|Any CPU.Build.0 = Debug|Any CPU
		{35AAE2ED-0A9F-46CC-A2DC-09B384FD6500}.Release|Any CPU.ActiveCfg = Release|Any CPU
		{35AAE2ED-0A9F-46CC-A2DC-09B384FD6500}.Release|Any CPU.Build.0 = Release|Any CPU
	EndGlobalSection
	GlobalSection(SolutionProperties) = preSolution
		HideSolutionNode = FALSE
	EndGlobalSection
	GlobalSection(ExtensibilityGlobals) = postSolution
		SolutionGuid = {69E4074E-3ACD-4E2E-B5C2-8474535616EE}
	EndGlobalSection
EndGlobal
