
Microsoft Visual Studio Solution File, Format Version 12.00
# Visual Studio 15
VisualStudioVersion = 15.0.27004.2010
MinimumVisualStudioVersion = 10.0.40219.1
Project("{FAE04EC0-301F-11D3-BF4B-00C04F79EFBC}") = "嵌套CheckBox实现批量删除和更新供求信息", "嵌套CheckBox实现批量删除和更新供求信息\嵌套CheckBox实现批量删除和更新供求信息.csproj", "{EE7975D2-5D96-4587-887C-B7C3698661D5}"
EndProject
Global
	GlobalSection(SolutionConfigurationPlatforms) = preSolution
		Debug|Any CPU = Debug|Any CPU
		Release|Any CPU = Release|Any CPU
	EndGlobalSection
	GlobalSection(ProjectConfigurationPlatforms) = postSolution
		{EE7975D2-5D96-4587-887C-B7C3698661D5}.Debug|Any CPU.ActiveCfg = Debug|Any CPU
		{EE7975D2-5D96-4587-887C-B7C3698661D5}.Debug|Any CPU.Build.0 = Debug|Any CPU
		{EE7975D2-5D96-4587-887C-B7C3698661D5}.Release|Any CPU.ActiveCfg = Release|Any CPU
		{EE7975D2-5D96-4587-887C-B7C3698661D5}.Release|Any CPU.Build.0 = Release|Any CPU
	EndGlobalSection
	GlobalSection(SolutionProperties) = preSolution
		HideSolutionNode = FALSE
	EndGlobalSection
	GlobalSection(ExtensibilityGlobals) = postSolution
		SolutionGuid = {D1737B87-EE25-4AD2-8786-D141705CE888}
	EndGlobalSection
EndGlobal
