
Microsoft Visual Studio Solution File, Format Version 12.00
# Visual Studio 15
VisualStudioVersion = 15.0.27004.2010
MinimumVisualStudioVersion = 10.0.40219.1
Project("{FAE04EC0-301F-11D3-BF4B-00C04F79EFBC}") = "将SQLServer数据查询结果输出到Excel", "将SQLServer数据查询结果输出到Excel\将SQLServer数据查询结果输出到Excel.csproj", "{A308916E-8424-45CB-BF02-A54F67266D44}"
EndProject
Global
	GlobalSection(SolutionConfigurationPlatforms) = preSolution
		Debug|Any CPU = Debug|Any CPU
		Release|Any CPU = Release|Any CPU
	EndGlobalSection
	GlobalSection(ProjectConfigurationPlatforms) = postSolution
		{A308916E-8424-45CB-BF02-A54F67266D44}.Debug|Any CPU.ActiveCfg = Debug|Any CPU
		{A308916E-8424-45CB-BF02-A54F67266D44}.Debug|Any CPU.Build.0 = Debug|Any CPU
		{A308916E-8424-45CB-BF02-A54F67266D44}.Release|Any CPU.ActiveCfg = Release|Any CPU
		{A308916E-8424-45CB-BF02-A54F67266D44}.Release|Any CPU.Build.0 = Release|Any CPU
	EndGlobalSection
	GlobalSection(SolutionProperties) = preSolution
		HideSolutionNode = FALSE
	EndGlobalSection
	GlobalSection(ExtensibilityGlobals) = postSolution
		SolutionGuid = {9BD82AD4-5474-492E-A1A3-9459E6A1CA3A}
	EndGlobalSection
EndGlobal
