
Microsoft Visual Studio Solution File, Format Version 12.00
# Visual Studio 15
VisualStudioVersion = 15.0.27130.2036
MinimumVisualStudioVersion = 10.0.40219.1
Project("{FAE04EC0-301F-11D3-BF4B-00C04F79EFBC}") = "根据多个字段内容设置不同数据行的背景色", "根据多个字段内容设置不同数据行的背景色\根据多个字段内容设置不同数据行的背景色.csproj", "{947FE01C-5A4A-46ED-9F14-4E2D5E74E272}"
EndProject
Global
	GlobalSection(SolutionConfigurationPlatforms) = preSolution
		Debug|Any CPU = Debug|Any CPU
		Release|Any CPU = Release|Any CPU
	EndGlobalSection
	GlobalSection(ProjectConfigurationPlatforms) = postSolution
		{947FE01C-5A4A-46ED-9F14-4E2D5E74E272}.Debug|Any CPU.ActiveCfg = Debug|Any CPU
		{947FE01C-5A4A-46ED-9F14-4E2D5E74E272}.Debug|Any CPU.Build.0 = Debug|Any CPU
		{947FE01C-5A4A-46ED-9F14-4E2D5E74E272}.Release|Any CPU.ActiveCfg = Release|Any CPU
		{947FE01C-5A4A-46ED-9F14-4E2D5E74E272}.Release|Any CPU.Build.0 = Release|Any CPU
	EndGlobalSection
	GlobalSection(SolutionProperties) = preSolution
		HideSolutionNode = FALSE
	EndGlobalSection
	GlobalSection(ExtensibilityGlobals) = postSolution
		SolutionGuid = {817FB39E-61C4-4B4A-9DF9-B5E62107217D}
	EndGlobalSection
EndGlobal
