
Microsoft Visual Studio Solution File, Format Version 12.00
# Visual Studio 15
VisualStudioVersion = 15.0.27004.2010
MinimumVisualStudioVersion = 10.0.40219.1
Project("{FAE04EC0-301F-11D3-BF4B-00C04F79EFBC}") = "将GridView控件的数据导出到Excel并进行格式化", "将GridView控件的数据导出到Excel并进行格式化\将GridView控件的数据导出到Excel并进行格式化.csproj", "{BC73FB01-A843-4D80-A6B7-D4B604F5BB9D}"
EndProject
Global
	GlobalSection(SolutionConfigurationPlatforms) = preSolution
		Debug|Any CPU = Debug|Any CPU
		Release|Any CPU = Release|Any CPU
	EndGlobalSection
	GlobalSection(ProjectConfigurationPlatforms) = postSolution
		{BC73FB01-A843-4D80-A6B7-D4B604F5BB9D}.Debug|Any CPU.ActiveCfg = Debug|Any CPU
		{BC73FB01-A843-4D80-A6B7-D4B604F5BB9D}.Debug|Any CPU.Build.0 = Debug|Any CPU
		{BC73FB01-A843-4D80-A6B7-D4B604F5BB9D}.Release|Any CPU.ActiveCfg = Release|Any CPU
		{BC73FB01-A843-4D80-A6B7-D4B604F5BB9D}.Release|Any CPU.Build.0 = Release|Any CPU
	EndGlobalSection
	GlobalSection(SolutionProperties) = preSolution
		HideSolutionNode = FALSE
	EndGlobalSection
	GlobalSection(ExtensibilityGlobals) = postSolution
		SolutionGuid = {6845F814-CA05-4027-9308-CCB6CF4109B5}
	EndGlobalSection
EndGlobal
