
Microsoft Visual Studio Solution File, Format Version 12.00
# Visual Studio 15
VisualStudioVersion = 15.0.27130.2036
MinimumVisualStudioVersion = 10.0.40219.1
Project("{FAE04EC0-301F-11D3-BF4B-00C04F79EFBC}") = "结合分页模板PagerTemplate实现自定义分页", "结合分页模板PagerTemplate实现自定义分页\结合分页模板PagerTemplate实现自定义分页.csproj", "{1A9F4A7B-016A-4982-B85D-0652EAE65391}"
EndProject
Global
	GlobalSection(SolutionConfigurationPlatforms) = preSolution
		Debug|Any CPU = Debug|Any CPU
		Release|Any CPU = Release|Any CPU
	EndGlobalSection
	GlobalSection(ProjectConfigurationPlatforms) = postSolution
		{1A9F4A7B-016A-4982-B85D-0652EAE65391}.Debug|Any CPU.ActiveCfg = Debug|Any CPU
		{1A9F4A7B-016A-4982-B85D-0652EAE65391}.Debug|Any CPU.Build.0 = Debug|Any CPU
		{1A9F4A7B-016A-4982-B85D-0652EAE65391}.Release|Any CPU.ActiveCfg = Release|Any CPU
		{1A9F4A7B-016A-4982-B85D-0652EAE65391}.Release|Any CPU.Build.0 = Release|Any CPU
	EndGlobalSection
	GlobalSection(SolutionProperties) = preSolution
		HideSolutionNode = FALSE
	EndGlobalSection
	GlobalSection(ExtensibilityGlobals) = postSolution
		SolutionGuid = {86241D4D-DEBC-4183-8C7A-375B72ABB853}
	EndGlobalSection
EndGlobal
