
Microsoft Visual Studio Solution File, Format Version 12.00
# Visual Studio 15
VisualStudioVersion = 15.0.27130.2036
MinimumVisualStudioVersion = 10.0.40219.1
Project("{FAE04EC0-301F-11D3-BF4B-00C04F79EFBC}") = "双向绑定Bind方法实现更新最新电影信息", "双向绑定Bind方法实现更新最新电影信息\双向绑定Bind方法实现更新最新电影信息.csproj", "{98876BA6-7586-4FD2-A8C4-3B2BCE4BD4B3}"
EndProject
Global
	GlobalSection(SolutionConfigurationPlatforms) = preSolution
		Debug|Any CPU = Debug|Any CPU
		Release|Any CPU = Release|Any CPU
	EndGlobalSection
	GlobalSection(ProjectConfigurationPlatforms) = postSolution
		{98876BA6-7586-4FD2-A8C4-3B2BCE4BD4B3}.Debug|Any CPU.ActiveCfg = Debug|Any CPU
		{98876BA6-7586-4FD2-A8C4-3B2BCE4BD4B3}.Debug|Any CPU.Build.0 = Debug|Any CPU
		{98876BA6-7586-4FD2-A8C4-3B2BCE4BD4B3}.Release|Any CPU.ActiveCfg = Release|Any CPU
		{98876BA6-7586-4FD2-A8C4-3B2BCE4BD4B3}.Release|Any CPU.Build.0 = Release|Any CPU
	EndGlobalSection
	GlobalSection(SolutionProperties) = preSolution
		HideSolutionNode = FALSE
	EndGlobalSection
	GlobalSection(ExtensibilityGlobals) = postSolution
		SolutionGuid = {9B87F27A-8B1D-4FE3-9A56-EBB4ED6E4F65}
	EndGlobalSection
EndGlobal
