
Microsoft Visual Studio Solution File, Format Version 12.00
# Visual Studio 15
VisualStudioVersion = 15.0.27130.2036
MinimumVisualStudioVersion = 10.0.40219.1
Project("{FAE04EC0-301F-11D3-BF4B-00C04F79EFBC}") = "使用主题来设置GridView控件的外观", "使用主题来设置GridView控件的外观\使用主题来设置GridView控件的外观.csproj", "{A7D988FF-1244-4DD0-82B0-84F27AE97DA7}"
EndProject
Global
	GlobalSection(SolutionConfigurationPlatforms) = preSolution
		Debug|Any CPU = Debug|Any CPU
		Release|Any CPU = Release|Any CPU
	EndGlobalSection
	GlobalSection(ProjectConfigurationPlatforms) = postSolution
		{A7D988FF-1244-4DD0-82B0-84F27AE97DA7}.Debug|Any CPU.ActiveCfg = Debug|Any CPU
		{A7D988FF-1244-4DD0-82B0-84F27AE97DA7}.Debug|Any CPU.Build.0 = Debug|Any CPU
		{A7D988FF-1244-4DD0-82B0-84F27AE97DA7}.Release|Any CPU.ActiveCfg = Release|Any CPU
		{A7D988FF-1244-4DD0-82B0-84F27AE97DA7}.Release|Any CPU.Build.0 = Release|Any CPU
	EndGlobalSection
	GlobalSection(SolutionProperties) = preSolution
		HideSolutionNode = FALSE
	EndGlobalSection
	GlobalSection(ExtensibilityGlobals) = postSolution
		SolutionGuid = {F1FE03F2-8912-4B92-B4ED-651AB59D2C26}
	EndGlobalSection
EndGlobal
