
Microsoft Visual Studio Solution File, Format Version 12.00
# Visual Studio 15
VisualStudioVersion = 15.0.27004.2010
MinimumVisualStudioVersion = 10.0.40219.1
Project("{FAE04EC0-301F-11D3-BF4B-00C04F79EFBC}") = "格式化订货金额和订单日期并进行绑定", "格式化订货金额和订单日期并进行绑定\格式化订货金额和订单日期并进行绑定.csproj", "{7376E7F0-A47D-481B-80F7-DBFD6DA0DED5}"
EndProject
Global
	GlobalSection(SolutionConfigurationPlatforms) = preSolution
		Debug|Any CPU = Debug|Any CPU
		Release|Any CPU = Release|Any CPU
	EndGlobalSection
	GlobalSection(ProjectConfigurationPlatforms) = postSolution
		{7376E7F0-A47D-481B-80F7-DBFD6DA0DED5}.Debug|Any CPU.ActiveCfg = Debug|Any CPU
		{7376E7F0-A47D-481B-80F7-DBFD6DA0DED5}.Debug|Any CPU.Build.0 = Debug|Any CPU
		{7376E7F0-A47D-481B-80F7-DBFD6DA0DED5}.Release|Any CPU.ActiveCfg = Release|Any CPU
		{7376E7F0-A47D-481B-80F7-DBFD6DA0DED5}.Release|Any CPU.Build.0 = Release|Any CPU
	EndGlobalSection
	GlobalSection(SolutionProperties) = preSolution
		HideSolutionNode = FALSE
	EndGlobalSection
	GlobalSection(ExtensibilityGlobals) = postSolution
		SolutionGuid = {689DD427-D4DE-424F-B0A9-1D03288A8FA1}
	EndGlobalSection
EndGlobal
