
Microsoft Visual Studio Solution File, Format Version 12.00
# Visual Studio 15
VisualStudioVersion = 15.0.27004.2010
MinimumVisualStudioVersion = 10.0.40219.1
Project("{FAE04EC0-301F-11D3-BF4B-00C04F79EFBC}") = "程序性能的优化——装箱和拆箱的最小化", "程序性能的优化——装箱和拆箱的最小化\程序性能的优化——装箱和拆箱的最小化.csproj", "{97517A6E-FAE7-400F-91D3-7D60485272DB}"
EndProject
Global
	GlobalSection(SolutionConfigurationPlatforms) = preSolution
		Debug|Any CPU = Debug|Any CPU
		Release|Any CPU = Release|Any CPU
	EndGlobalSection
	GlobalSection(ProjectConfigurationPlatforms) = postSolution
		{97517A6E-FAE7-400F-91D3-7D60485272DB}.Debug|Any CPU.ActiveCfg = Debug|Any CPU
		{97517A6E-FAE7-400F-91D3-7D60485272DB}.Debug|Any CPU.Build.0 = Debug|Any CPU
		{97517A6E-FAE7-400F-91D3-7D60485272DB}.Release|Any CPU.ActiveCfg = Release|Any CPU
		{97517A6E-FAE7-400F-91D3-7D60485272DB}.Release|Any CPU.Build.0 = Release|Any CPU
	EndGlobalSection
	GlobalSection(SolutionProperties) = preSolution
		HideSolutionNode = FALSE
	EndGlobalSection
	GlobalSection(ExtensibilityGlobals) = postSolution
		SolutionGuid = {037DC45E-75FB-4323-BB66-1380744F5E02}
	EndGlobalSection
EndGlobal
