
Microsoft Visual Studio Solution File, Format Version 12.00
# Visual Studio 15
VisualStudioVersion = 15.0.27130.2036
MinimumVisualStudioVersion = 10.0.40219.1
Project("{FAE04EC0-301F-11D3-BF4B-00C04F79EFBC}") = "学生成绩不及格设置单元格突出显示为红色", "学生成绩不及格设置单元格突出显示为红色\学生成绩不及格设置单元格突出显示为红色.csproj", "{94F40022-1AEE-4B84-98EE-32D0E9C649DD}"
EndProject
Global
	GlobalSection(SolutionConfigurationPlatforms) = preSolution
		Debug|Any CPU = Debug|Any CPU
		Release|Any CPU = Release|Any CPU
	EndGlobalSection
	GlobalSection(ProjectConfigurationPlatforms) = postSolution
		{94F40022-1AEE-4B84-98EE-32D0E9C649DD}.Debug|Any CPU.ActiveCfg = Debug|Any CPU
		{94F40022-1AEE-4B84-98EE-32D0E9C649DD}.Debug|Any CPU.Build.0 = Debug|Any CPU
		{94F40022-1AEE-4B84-98EE-32D0E9C649DD}.Release|Any CPU.ActiveCfg = Release|Any CPU
		{94F40022-1AEE-4B84-98EE-32D0E9C649DD}.Release|Any CPU.Build.0 = Release|Any CPU
	EndGlobalSection
	GlobalSection(SolutionProperties) = preSolution
		HideSolutionNode = FALSE
	EndGlobalSection
	GlobalSection(ExtensibilityGlobals) = postSolution
		SolutionGuid = {BDBA3744-FD0D-411A-83A1-CD15DD900527}
	EndGlobalSection
EndGlobal
