
Microsoft Visual Studio Solution File, Format Version 12.00
# Visual Studio 15
VisualStudioVersion = 15.0.27130.2036
MinimumVisualStudioVersion = 10.0.40219.1
Project("{FAE04EC0-301F-11D3-BF4B-00C04F79EFBC}") = "嵌套GridView控件实现商品信息明细表", "嵌套GridView控件实现商品信息明细表\嵌套GridView控件实现商品信息明细表.csproj", "{7480480B-67E6-4BF9-A358-6F04CB7AE954}"
EndProject
Global
	GlobalSection(SolutionConfigurationPlatforms) = preSolution
		Debug|Any CPU = Debug|Any CPU
		Release|Any CPU = Release|Any CPU
	EndGlobalSection
	GlobalSection(ProjectConfigurationPlatforms) = postSolution
		{7480480B-67E6-4BF9-A358-6F04CB7AE954}.Debug|Any CPU.ActiveCfg = Debug|Any CPU
		{7480480B-67E6-4BF9-A358-6F04CB7AE954}.Debug|Any CPU.Build.0 = Debug|Any CPU
		{7480480B-67E6-4BF9-A358-6F04CB7AE954}.Release|Any CPU.ActiveCfg = Release|Any CPU
		{7480480B-67E6-4BF9-A358-6F04CB7AE954}.Release|Any CPU.Build.0 = Release|Any CPU
	EndGlobalSection
	GlobalSection(SolutionProperties) = preSolution
		HideSolutionNode = FALSE
	EndGlobalSection
	GlobalSection(ExtensibilityGlobals) = postSolution
		SolutionGuid = {F767BD3A-1B7D-467B-8859-E17A6C1220F5}
	EndGlobalSection
EndGlobal
