
Microsoft Visual Studio Solution File, Format Version 12.00
# Visual Studio 15
VisualStudioVersion = 15.0.27130.2036
MinimumVisualStudioVersion = 10.0.40219.1
Project("{FAE04EC0-301F-11D3-BF4B-00C04F79EFBC}") = "Eval绑定图书图片并实现单击图片进行链接", "Eval绑定图书图片并实现单击图片进行链接\Eval绑定图书图片并实现单击图片进行链接.csproj", "{3514FAD1-EE70-403A-BF90-3F090158E13A}"
EndProject
Global
	GlobalSection(SolutionConfigurationPlatforms) = preSolution
		Debug|Any CPU = Debug|Any CPU
		Release|Any CPU = Release|Any CPU
	EndGlobalSection
	GlobalSection(ProjectConfigurationPlatforms) = postSolution
		{3514FAD1-EE70-403A-BF90-3F090158E13A}.Debug|Any CPU.ActiveCfg = Debug|Any CPU
		{3514FAD1-EE70-403A-BF90-3F090158E13A}.Debug|Any CPU.Build.0 = Debug|Any CPU
		{3514FAD1-EE70-403A-BF90-3F090158E13A}.Release|Any CPU.ActiveCfg = Release|Any CPU
		{3514FAD1-EE70-403A-BF90-3F090158E13A}.Release|Any CPU.Build.0 = Release|Any CPU
	EndGlobalSection
	GlobalSection(SolutionProperties) = preSolution
		HideSolutionNode = FALSE
	EndGlobalSection
	GlobalSection(ExtensibilityGlobals) = postSolution
		SolutionGuid = {B6717C40-5135-4434-92C9-C8E81344B0E5}
	EndGlobalSection
EndGlobal
