
Microsoft Visual Studio Solution File, Format Version 12.00
# Visual Studio 15
VisualStudioVersion = 15.0.27004.2010
MinimumVisualStudioVersion = 10.0.40219.1
Project("{FAE04EC0-301F-11D3-BF4B-00C04F79EFBC}") = "创建Excel文件并保存", "创建Excel文件并保存\创建Excel文件并保存.csproj", "{5F94FA20-82A8-40DF-9F8E-66A6FC383A09}"
EndProject
Global
	GlobalSection(SolutionConfigurationPlatforms) = preSolution
		Debug|Any CPU = Debug|Any CPU
		Release|Any CPU = Release|Any CPU
	EndGlobalSection
	GlobalSection(ProjectConfigurationPlatforms) = postSolution
		{5F94FA20-82A8-40DF-9F8E-66A6FC383A09}.Debug|Any CPU.ActiveCfg = Debug|Any CPU
		{5F94FA20-82A8-40DF-9F8E-66A6FC383A09}.Debug|Any CPU.Build.0 = Debug|Any CPU
		{5F94FA20-82A8-40DF-9F8E-66A6FC383A09}.Release|Any CPU.ActiveCfg = Release|Any CPU
		{5F94FA20-82A8-40DF-9F8E-66A6FC383A09}.Release|Any CPU.Build.0 = Release|Any CPU
	EndGlobalSection
	GlobalSection(SolutionProperties) = preSolution
		HideSolutionNode = FALSE
	EndGlobalSection
	GlobalSection(ExtensibilityGlobals) = postSolution
		SolutionGuid = {3276EB47-C967-4454-9A7A-7CDADE2E6309}
	EndGlobalSection
EndGlobal
